// !$*UTF8*$!
{
	archiveVersion = 1;
	classes = {
	};
	objectVersion = 48;
	objects = {

/* Begin PBXBuildFile section */
		6886D7427C506A536B3E717E /* Pods_Instagram.framework in Frameworks */ = {isa = PBXBuildFile; fileRef = 6F686C1D7086249EF66E516F /* Pods_Instagram.framework */; };
		AAB947B2203A7C69001BB6BF /* GoogleService-Info.plist in Resources */ = {isa = PBXBuildFile; fileRef = AAB947B1203A7C69001BB6BF /* GoogleService-Info.plist */; };
		AAB947B4203A8CFF001BB6BF /* Auth.storyboard in Resources */ = {isa = PBXBuildFile; fileRef = AAB947B3203A8CFF001BB6BF /* Auth.storyboard */; };
		AAB947B6203AABA5001BB6BF /* Extension.swift in Sources */ = {isa = PBXBuildFile; fileRef = AAB947B5203AABA5001BB6BF /* Extension.swift */; };
		AAB947B8203AADD2001BB6BF /* User.swift in Sources */ = {isa = PBXBuildFile; fileRef = AAB947B7203AADD2001BB6BF /* User.swift */; };
		CB024612203A79C6000DD679 /* AppDelegate.swift in Sources */ = {isa = PBXBuildFile; fileRef = CB024611203A79C6000DD679 /* AppDelegate.swift */; };
		CB024614203A79C6000DD679 /* ViewController.swift in Sources */ = {isa = PBXBuildFile; fileRef = CB024613203A79C6000DD679 /* ViewController.swift */; };
		CB024617203A79C6000DD679 /* Main.storyboard in Resources */ = {isa = PBXBuildFile; fileRef = CB024615203A79C6000DD679 /* Main.storyboard */; };
		CB024619203A79C6000DD679 /* Assets.xcassets in Resources */ = {isa = PBXBuildFile; fileRef = CB024618203A79C6000DD679 /* Assets.xcassets */; };
		CB02461C203A79C6000DD679 /* LaunchScreen.storyboard in Resources */ = {isa = PBXBuildFile; fileRef = CB02461A203A79C6000DD679 /* LaunchScreen.storyboard */; };
		CBC82CB9203B35120064C37F /* CollectionViewCell.swift in Sources */ = {isa = PBXBuildFile; fileRef = CBC82CB8203B35120064C37F /* CollectionViewCell.swift */; };
		FCD723F3203A8A440085A9F7 /* LoginViewController.swift in Sources */ = {isa = PBXBuildFile; fileRef = FCD723F2203A8A440085A9F7 /* LoginViewController.swift */; };
		FCD723F5203A8A540085A9F7 /* SignUpViewController.swift in Sources */ = {isa = PBXBuildFile; fileRef = FCD723F4203A8A540085A9F7 /* SignUpViewController.swift */; };
		FCD723F7203A8A620085A9F7 /* FeedViewController.swift in Sources */ = {isa = PBXBuildFile; fileRef = FCD723F6203A8A620085A9F7 /* FeedViewController.swift */; };
		FCD723F9203A8A720085A9F7 /* SearchViewController.swift in Sources */ = {isa = PBXBuildFile; fileRef = FCD723F8203A8A720085A9F7 /* SearchViewController.swift */; };
		FCD723FB203A8A810085A9F7 /* CameraViewController.swift in Sources */ = {isa = PBXBuildFile; fileRef = FCD723FA203A8A810085A9F7 /* CameraViewController.swift */; };
		FCD723FD203A8A8F0085A9F7 /* ProfileViewController.swift in Sources */ = {isa = PBXBuildFile; fileRef = FCD723FC203A8A8F0085A9F7 /* ProfileViewController.swift */; };
		FCD723FF203AAC2D0085A9F7 /* CommentViewController.swift in Sources */ = {isa = PBXBuildFile; fileRef = FCD723FE203AAC2D0085A9F7 /* CommentViewController.swift */; };
		FCD72401203AADBE0085A9F7 /* FeedTableViewCell.swift in Sources */ = {isa = PBXBuildFile; fileRef = FCD72400203AADBE0085A9F7 /* FeedTableViewCell.swift */; };
		FCD72403203AADE00085A9F7 /* CommentTableViewCell.swift in Sources */ = {isa = PBXBuildFile; fileRef = FCD72402203AADE00085A9F7 /* CommentTableViewCell.swift */; };
		FCD72405203AB5420085A9F7 /* Post.swift in Sources */ = {isa = PBXBuildFile; fileRef = FCD72404203AB5420085A9F7 /* Post.swift */; };
		FCD72408203BCB170085A9F7 /* PostsTableViewCell.swift in Sources */ = {isa = PBXBuildFile; fileRef = FCD72406203BCB170085A9F7 /* PostsTableViewCell.swift */; };
		FCD72409203BCB170085A9F7 /* PostsTableViewCell.xib in Resources */ = {isa = PBXBuildFile; fileRef = FCD72407203BCB170085A9F7 /* PostsTableViewCell.xib */; };
		FCD7240B203C02620085A9F7 /* Comment.swift in Sources */ = {isa = PBXBuildFile; fileRef = FCD7240A203C02620085A9F7 /* Comment.swift */; };
/* End PBXBuildFile section */

/* Begin PBXFileReference section */
		472E31DEED44F8800C5B1697 /* Pods-Instagram.debug.xcconfig */ = {isa = PBXFileReference; includeInIndex = 1; lastKnownFileType = text.xcconfig; name = "Pods-Instagram.debug.xcconfig"; path = "Pods/Target Support Files/Pods-Instagram/Pods-Instagram.debug.xcconfig"; sourceTree = "<group>"; };
		6F686C1D7086249EF66E516F /* Pods_Instagram.framework */ = {isa = PBXFileReference; explicitFileType = wrapper.framework; includeInIndex = 0; path = Pods_Instagram.framework; sourceTree = BUILT_PRODUCTS_DIR; };
		AAB947B1203A7C69001BB6BF /* GoogleService-Info.plist */ = {isa = PBXFileReference; fileEncoding = 4; lastKnownFileType = text.plist.xml; path = "GoogleService-Info.plist"; sourceTree = "<group>"; };
		AAB947B3203A8CFF001BB6BF /* Auth.storyboard */ = {isa = PBXFileReference; lastKnownFileType = file.storyboard; path = Auth.storyboard; sourceTree = "<group>"; };
		AAB947B5203AABA5001BB6BF /* Extension.swift */ = {isa = PBXFileReference; lastKnownFileType = sourcecode.swift; path = Extension.swift; sourceTree = "<group>"; };
		AAB947B7203AADD2001BB6BF /* User.swift */ = {isa = PBXFileReference; lastKnownFileType = sourcecode.swift; path = User.swift; sourceTree = "<group>"; };
		C620FE975E2BAAC2E0017C5F /* Pods-Instagram.release.xcconfig */ = {isa = PBXFileReference; includeInIndex = 1; lastKnownFileType = text.xcconfig; name = "Pods-Instagram.release.xcconfig"; path = "Pods/Target Support Files/Pods-Instagram/Pods-Instagram.release.xcconfig"; sourceTree = "<group>"; };
		CB02460E203A79C6000DD679 /* Instagram.app */ = {isa = PBXFileReference; explicitFileType = wrapper.application; includeInIndex = 0; path = Instagram.app; sourceTree = BUILT_PRODUCTS_DIR; };
		CB024611203A79C6000DD679 /* AppDelegate.swift */ = {isa = PBXFileReference; lastKnownFileType = sourcecode.swift; path = AppDelegate.swift; sourceTree = "<group>"; };
		CB024613203A79C6000DD679 /* ViewController.swift */ = {isa = PBXFileReference; lastKnownFileType = sourcecode.swift; path = ViewController.swift; sourceTree = "<group>"; };
		CB024616203A79C6000DD679 /* Base */ = {isa = PBXFileReference; lastKnownFileType = file.storyboard; name = Base; path = Base.lproj/Main.storyboard; sourceTree = "<group>"; };
		CB024618203A79C6000DD679 /* Assets.xcassets */ = {isa = PBXFileReference; lastKnownFileType = folder.assetcatalog; path = Assets.xcassets; sourceTree = "<group>"; };
		CB02461B203A79C6000DD679 /* Base */ = {isa = PBXFileReference; lastKnownFileType = file.storyboard; name = Base; path = Base.lproj/LaunchScreen.storyboard; sourceTree = "<group>"; };
		CB02461D203A79C6000DD679 /* Info.plist */ = {isa = PBXFileReference; lastKnownFileType = text.plist.xml; path = Info.plist; sourceTree = "<group>"; };
		CBC82CB8203B35120064C37F /* CollectionViewCell.swift */ = {isa = PBXFileReference; lastKnownFileType = sourcecode.swift; path = CollectionViewCell.swift; sourceTree = "<group>"; };
		FCD723F2203A8A440085A9F7 /* LoginViewController.swift */ = {isa = PBXFileReference; lastKnownFileType = sourcecode.swift; path = LoginViewController.swift; sourceTree = "<group>"; };
		FCD723F4203A8A540085A9F7 /* SignUpViewController.swift */ = {isa = PBXFileReference; lastKnownFileType = sourcecode.swift; path = SignUpViewController.swift; sourceTree = "<group>"; };
		FCD723F6203A8A620085A9F7 /* FeedViewController.swift */ = {isa = PBXFileReference; lastKnownFileType = sourcecode.swift; path = FeedViewController.swift; sourceTree = "<group>"; };
		FCD723F8203A8A720085A9F7 /* SearchViewController.swift */ = {isa = PBXFileReference; lastKnownFileType = sourcecode.swift; path = SearchViewController.swift; sourceTree = "<group>"; };
		FCD723FA203A8A810085A9F7 /* CameraViewController.swift */ = {isa = PBXFileReference; lastKnownFileType = sourcecode.swift; path = CameraViewController.swift; sourceTree = "<group>"; };
		FCD723FC203A8A8F0085A9F7 /* ProfileViewController.swift */ = {isa = PBXFileReference; lastKnownFileType = sourcecode.swift; path = ProfileViewController.swift; sourceTree = "<group>"; };
		FCD723FE203AAC2D0085A9F7 /* CommentViewController.swift */ = {isa = PBXFileReference; lastKnownFileType = sourcecode.swift; path = CommentViewController.swift; sourceTree = "<group>"; };
		FCD72400203AADBE0085A9F7 /* FeedTableViewCell.swift */ = {isa = PBXFileReference; lastKnownFileType = sourcecode.swift; path = FeedTableViewCell.swift; sourceTree = "<group>"; };
		FCD72402203AADE00085A9F7 /* CommentTableViewCell.swift */ = {isa = PBXFileReference; lastKnownFileType = sourcecode.swift; path = CommentTableViewCell.swift; sourceTree = "<group>"; };
		FCD72404203AB5420085A9F7 /* Post.swift */ = {isa = PBXFileReference; lastKnownFileType = sourcecode.swift; path = Post.swift; sourceTree = "<group>"; };
		FCD72406203BCB170085A9F7 /* PostsTableViewCell.swift */ = {isa = PBXFileReference; lastKnownFileType = sourcecode.swift; path = PostsTableViewCell.swift; sourceTree = "<group>"; };
		FCD72407203BCB170085A9F7 /* PostsTableViewCell.xib */ = {isa = PBXFileReference; lastKnownFileType = file.xib; path = PostsTableViewCell.xib; sourceTree = "<group>"; };
		FCD7240A203C02620085A9F7 /* Comment.swift */ = {isa = PBXFileReference; lastKnownFileType = sourcecode.swift; path = Comment.swift; sourceTree = "<group>"; };
/* End PBXFileReference section */

/* Begin PBXFrameworksBuildPhase section */
		CB02460B203A79C6000DD679 /* Frameworks */ = {
			isa = PBXFrameworksBuildPhase;
			buildActionMask = 2147483647;
			files = (
				6886D7427C506A536B3E717E /* Pods_Instagram.framework in Frameworks */,
			);
			runOnlyForDeploymentPostprocessing = 0;
		};
/* End PBXFrameworksBuildPhase section */

/* Begin PBXGroup section */
		297DF8EBDD724CDFC83F51A6 /* Frameworks */ = {
			isa = PBXGroup;
			children = (
				6F686C1D7086249EF66E516F /* Pods_Instagram.framework */,
			);
			name = Frameworks;
			sourceTree = "<group>";
		};
		CB024605203A79C6000DD679 = {
			isa = PBXGroup;
			children = (
				CB024610203A79C6000DD679 /* Instagram */,
				CB02460F203A79C6000DD679 /* Products */,
				D0159DA009A50909190FBAFF /* Pods */,
				297DF8EBDD724CDFC83F51A6 /* Frameworks */,
			);
			sourceTree = "<group>";
		};
		CB02460F203A79C6000DD679 /* Products */ = {
			isa = PBXGroup;
			children = (
				CB02460E203A79C6000DD679 /* Instagram.app */,
			);
			name = Products;
			sourceTree = "<group>";
		};
		CB024610203A79C6000DD679 /* Instagram */ = {
			isa = PBXGroup;
			children = (
				CB024611203A79C6000DD679 /* AppDelegate.swift */,
				CB024613203A79C6000DD679 /* ViewController.swift */,
				FCD723F2203A8A440085A9F7 /* LoginViewController.swift */,
				FCD723F4203A8A540085A9F7 /* SignUpViewController.swift */,
				FCD72400203AADBE0085A9F7 /* FeedTableViewCell.swift */,
				FCD723F6203A8A620085A9F7 /* FeedViewController.swift */,
				FCD72406203BCB170085A9F7 /* PostsTableViewCell.swift */,
				FCD72407203BCB170085A9F7 /* PostsTableViewCell.xib */,
				FCD72404203AB5420085A9F7 /* Post.swift */,
				FCD723F8203A8A720085A9F7 /* SearchViewController.swift */,
				FCD723FA203A8A810085A9F7 /* CameraViewController.swift */,
				FCD723FC203A8A8F0085A9F7 /* ProfileViewController.swift */,
				AAB947B7203AADD2001BB6BF /* User.swift */,
				AAB947B5203AABA5001BB6BF /* Extension.swift */,
				CB024615203A79C6000DD679 /* Main.storyboard */,
				CBC82CB8203B35120064C37F /* CollectionViewCell.swift */,
				FCD72402203AADE00085A9F7 /* CommentTableViewCell.swift */,
				FCD723FE203AAC2D0085A9F7 /* CommentViewController.swift */,
				FCD7240A203C02620085A9F7 /* Comment.swift */,
				AAB947B3203A8CFF001BB6BF /* Auth.storyboard */,
				CB024618203A79C6000DD679 /* Assets.xcassets */,
				CB02461A203A79C6000DD679 /* LaunchScreen.storyboard */,
				CB02461D203A79C6000DD679 /* Info.plist */,
				AAB947B1203A7C69001BB6BF /* GoogleService-Info.plist */,
			);
			path = Instagram;
			sourceTree = "<group>";
		};
		D0159DA009A50909190FBAFF /* Pods */ = {
			isa = PBXGroup;
			children = (
				472E31DEED44F8800C5B1697 /* Pods-Instagram.debug.xcconfig */,
				C620FE975E2BAAC2E0017C5F /* Pods-Instagram.release.xcconfig */,
			);
			name = Pods;
			sourceTree = "<group>";
		};
/* End PBXGroup section */

/* Begin PBXNativeTarget section */
		CB02460D203A79C6000DD679 /* Instagram */ = {
			isa = PBXNativeTarget;
			buildConfigurationList = CB024620203A79C6000DD679 /* Build configuration list for PBXNativeTarget "Instagram" */;
			buildPhases = (
				387FA0536352833EC716E7D9 /* [CP] Check Pods Manifest.lock */,
				CB02460A203A79C6000DD679 /* Sources */,
				CB02460B203A79C6000DD679 /* Frameworks */,
				CB02460C203A79C6000DD679 /* Resources */,
				118AD61E8085754FCEF9831D /* [CP] Embed Pods Frameworks */,
				0981208EB6501392EC7EC271 /* [CP] Copy Pods Resources */,
			);
			buildRules = (
			);
			dependencies = (
			);
			name = Instagram;
			productName = Instagram;
			productReference = CB02460E203A79C6000DD679 /* Instagram.app */;
			productType = "com.apple.product-type.application";
		};
/* End PBXNativeTarget section */

/* Begin PBXProject section */
		CB024606203A79C6000DD679 /* Project object */ = {
			isa = PBXProject;
			attributes = {
				LastSwiftUpdateCheck = 0920;
				LastUpgradeCheck = 0920;
				ORGANIZATIONNAME = "Ying Mei Lum";
				TargetAttributes = {
					CB02460D203A79C6000DD679 = {
						CreatedOnToolsVersion = 9.2;
						ProvisioningStyle = Automatic;
					};
				};
			};
			buildConfigurationList = CB024609203A79C6000DD679 /* Build configuration list for PBXProject "Instagram" */;
			compatibilityVersion = "Xcode 8.0";
			developmentRegion = en;
			hasScannedForEncodings = 0;
			knownRegions = (
				en,
				Base,
			);
			mainGroup = CB024605203A79C6000DD679;
			productRefGroup = CB02460F203A79C6000DD679 /* Products */;
			projectDirPath = "";
			projectRoot = "";
			targets = (
				CB02460D203A79C6000DD679 /* Instagram */,
			);
		};
/* End PBXProject section */

/* Begin PBXResourcesBuildPhase section */
		CB02460C203A79C6000DD679 /* Resources */ = {
			isa = PBXResourcesBuildPhase;
			buildActionMask = 2147483647;
			files = (
				CB02461C203A79C6000DD679 /* LaunchScreen.storyboard in Resources */,
				CB024619203A79C6000DD679 /* Assets.xcassets in Resources */,
				AAB947B4203A8CFF001BB6BF /* Auth.storyboard in Resources */,
				FCD72409203BCB170085A9F7 /* PostsTableViewCell.xib in Resources */,
				AAB947B2203A7C69001BB6BF /* GoogleService-Info.plist in Resources */,
				CB024617203A79C6000DD679 /* Main.storyboard in Resources */,
			);
			runOnlyForDeploymentPostprocessing = 0;
		};
/* End PBXResourcesBuildPhase section */

/* Begin PBXShellScriptBuildPhase section */
		0981208EB6501392EC7EC271 /* [CP] Copy Pods Resources */ = {
			isa = PBXShellScriptBuildPhase;
			buildActionMask = 2147483647;
			files = (
			);
			inputPaths = (
				"${SRCROOT}/Pods/Target Support Files/Pods-Instagram/Pods-Instagram-resources.sh",
				"${PODS_ROOT}/FBSDKCoreKit/FacebookSDKStrings.bundle",
			);
			name = "[CP] Copy Pods Resources";
			outputPaths = (
				"${TARGET_BUILD_DIR}/${UNLOCALIZED_RESOURCES_FOLDER_PATH}/FacebookSDKStrings.bundle",
			);
			runOnlyForDeploymentPostprocessing = 0;
			shellPath = /bin/sh;
			shellScript = "\"${SRCROOT}/Pods/Target Support Files/Pods-Instagram/Pods-Instagram-resources.sh\"\n";
			showEnvVarsInLog = 0;
		};
		118AD61E8085754FCEF9831D /* [CP] Embed Pods Frameworks */ = {
			isa = PBXShellScriptBuildPhase;
			buildActionMask = 2147483647;
			files = (
			);
			inputPaths = (
				"${SRCROOT}/Pods/Target Support Files/Pods-Instagram/Pods-Instagram-frameworks.sh",
				"${BUILT_PRODUCTS_DIR}/Bolts/Bolts.framework",
				"${BUILT_PRODUCTS_DIR}/FBSDKCoreKit/FBSDKCoreKit.framework",
				"${BUILT_PRODUCTS_DIR}/FBSDKLoginKit/FBSDKLoginKit.framework",
				"${BUILT_PRODUCTS_DIR}/FBSDKShareKit/FBSDKShareKit.framework",
				"${BUILT_PRODUCTS_DIR}/Fusuma/Fusuma.framework",
				"${BUILT_PRODUCTS_DIR}/GTMSessionFetcher/GTMSessionFetcher.framework",
				"${BUILT_PRODUCTS_DIR}/GoogleToolboxForMac/GoogleToolboxForMac.framework",
				"${BUILT_PRODUCTS_DIR}/leveldb-library/leveldb.framework",
				"${BUILT_PRODUCTS_DIR}/nanopb/nanopb.framework",
			);
			name = "[CP] Embed Pods Frameworks";
			outputPaths = (
				"${TARGET_BUILD_DIR}/${FRAMEWORKS_FOLDER_PATH}/Bolts.framework",
				"${TARGET_BUILD_DIR}/${FRAMEWORKS_FOLDER_PATH}/FBSDKCoreKit.framework",
				"${TARGET_BUILD_DIR}/${FRAMEWORKS_FOLDER_PATH}/FBSDKLoginKit.framework",
				"${TARGET_BUILD_DIR}/${FRAMEWORKS_FOLDER_PATH}/FBSDKShareKit.framework",
				"${TARGET_BUILD_DIR}/${FRAMEWORKS_FOLDER_PATH}/Fusuma.framework",
				"${TARGET_BUILD_DIR}/${FRAMEWORKS_FOLDER_PATH}/GTMSessionFetcher.framework",
				"${TARGET_BUILD_DIR}/${FRAMEWORKS_FOLDER_PATH}/GoogleToolboxForMac.framework",
				"${TARGET_BUILD_DIR}/${FRAMEWORKS_FOLDER_PATH}/leveldb.framework",
				"${TARGET_BUILD_DIR}/${FRAMEWORKS_FOLDER_PATH}/nanopb.framework",
			);
			runOnlyForDeploymentPostprocessing = 0;
			shellPath = /bin/sh;
			shellScript = "\"${SRCROOT}/Pods/Target Support Files/Pods-Instagram/Pods-Instagram-frameworks.sh\"\n";
			showEnvVarsInLog = 0;
		};
		387FA0536352833EC716E7D9 /* [CP] Check Pods Manifest.lock */ = {
			isa = PBXShellScriptBuildPhase;
			buildActionMask = 2147483647;
			files = (
			);
			inputPaths = (
				"${PODS_PODFILE_DIR_PATH}/Podfile.lock",
				"${PODS_ROOT}/Manifest.lock",
			);
			name = "[CP] Check Pods Manifest.lock";
			outputPaths = (
				"$(DERIVED_FILE_DIR)/Pods-Instagram-checkManifestLockResult.txt",
			);
			runOnlyForDeploymentPostprocessing = 0;
			shellPath = /bin/sh;
			shellScript = "diff \"${PODS_PODFILE_DIR_PATH}/Podfile.lock\" \"${PODS_ROOT}/Manifest.lock\" > /dev/null\nif [ $? != 0 ] ; then\n    # print error to STDERR\n    echo \"error: The sandbox is not in sync with the Podfile.lock. Run 'pod install' or update your CocoaPods installation.\" >&2\n    exit 1\nfi\n# This output is used by Xcode 'outputs' to avoid re-running this script phase.\necho \"SUCCESS\" > \"${SCRIPT_OUTPUT_FILE_0}\"\n";
			showEnvVarsInLog = 0;
		};
/* End PBXShellScriptBuildPhase section */

/* Begin PBXSourcesBuildPhase section */
		CB02460A203A79C6000DD679 /* Sources */ = {
			isa = PBXSourcesBuildPhase;
			buildActionMask = 2147483647;
			files = (
				AAB947B6203AABA5001BB6BF /* Extension.swift in Sources */,
				FCD72403203AADE00085A9F7 /* CommentTableViewCell.swift in Sources */,
				FCD723F9203A8A720085A9F7 /* SearchViewController.swift in Sources */,
				FCD723F3203A8A440085A9F7 /* LoginViewController.swift in Sources */,
				CB024614203A79C6000DD679 /* ViewController.swift in Sources */,
				FCD7240B203C02620085A9F7 /* Comment.swift in Sources */,
				CBC82CB9203B35120064C37F /* CollectionViewCell.swift in Sources */,
				FCD72405203AB5420085A9F7 /* Post.swift in Sources */,
				FCD723F7203A8A620085A9F7 /* FeedViewController.swift in Sources */,
				FCD723FB203A8A810085A9F7 /* CameraViewController.swift in Sources */,
				FCD723F5203A8A540085A9F7 /* SignUpViewController.swift in Sources */,
				FCD723FD203A8A8F0085A9F7 /* ProfileViewController.swift in Sources */,
				AAB947B8203AADD2001BB6BF /* User.swift in Sources */,
				CB024612203A79C6000DD679 /* AppDelegate.swift in Sources */,
				FCD72408203BCB170085A9F7 /* PostsTableViewCell.swift in Sources */,
				FCD723FF203AAC2D0085A9F7 /* CommentViewController.swift in Sources */,
				FCD72401203AADBE0085A9F7 /* FeedTableViewCell.swift in Sources */,
			);
			runOnlyForDeploymentPostprocessing = 0;
		};
/* End PBXSourcesBuildPhase section */

/* Begin PBXVariantGroup section */
		CB024615203A79C6000DD679 /* Main.storyboard */ = {
			isa = PBXVariantGroup;
			children = (
				CB024616203A79C6000DD679 /* Base */,
			);
			name = Main.storyboard;
			sourceTree = "<group>";
		};
		CB02461A203A79C6000DD679 /* LaunchScreen.storyboard */ = {
			isa = PBXVariantGroup;
			children = (
				CB02461B203A79C6000DD679 /* Base */,
			);
			name = LaunchScreen.storyboard;
			sourceTree = "<group>";
		};
/* End PBXVariantGroup section */

/* Begin XCBuildConfiguration section */
		CB02461E203A79C6000DD679 /* Debug */ = {
			isa = XCBuildConfiguration;
			buildSettings = {
				ALWAYS_SEARCH_USER_PATHS = NO;
				CLANG_ANALYZER_NONNULL = YES;
				CLANG_ANALYZER_NUMBER_OBJECT_CONVERSION = YES_AGGRESSIVE;
				CLANG_CXX_LANGUAGE_STANDARD = "gnu++14";
				CLANG_CXX_LIBRARY = "libc++";
				CLANG_ENABLE_MODULES = YES;
				CLANG_ENABLE_OBJC_ARC = YES;
				CLANG_WARN_BLOCK_CAPTURE_AUTORELEASING = YES;
				CLANG_WARN_BOOL_CONVERSION = YES;
				CLANG_WARN_COMMA = YES;
				CLANG_WARN_CONSTANT_CONVERSION = YES;
				CLANG_WARN_DIRECT_OBJC_ISA_USAGE = YES_ERROR;
				CLANG_WARN_DOCUMENTATION_COMMENTS = YES;
				CLANG_WARN_EMPTY_BODY = YES;
				CLANG_WARN_ENUM_CONVERSION = YES;
				CLANG_WARN_INFINITE_RECURSION = YES;
				CLANG_WARN_INT_CONVERSION = YES;
				CLANG_WARN_NON_LITERAL_NULL_CONVERSION = YES;
				CLANG_WARN_OBJC_LITERAL_CONVERSION = YES;
				CLANG_WARN_OBJC_ROOT_CLASS = YES_ERROR;
				CLANG_WARN_RANGE_LOOP_ANALYSIS = YES;
				CLANG_WARN_STRICT_PROTOTYPES = YES;
				CLANG_WARN_SUSPICIOUS_MOVE = YES;
				CLANG_WARN_UNGUARDED_AVAILABILITY = YES_AGGRESSIVE;
				CLANG_WARN_UNREACHABLE_CODE = YES;
				CLANG_WARN__DUPLICATE_METHOD_MATCH = YES;
				CODE_SIGN_IDENTITY = "iPhone Developer";
				COPY_PHASE_STRIP = NO;
				DEBUG_INFORMATION_FORMAT = dwarf;
				ENABLE_STRICT_OBJC_MSGSEND = YES;
				ENABLE_TESTABILITY = YES;
				GCC_C_LANGUAGE_STANDARD = gnu11;
				GCC_DYNAMIC_NO_PIC = NO;
				GCC_NO_COMMON_BLOCKS = YES;
				GCC_OPTIMIZATION_LEVEL = 0;
				GCC_PREPROCESSOR_DEFINITIONS = (
					"DEBUG=1",
					"$(inherited)",
				);
				GCC_WARN_64_TO_32_BIT_CONVERSION = YES;
				GCC_WARN_ABOUT_RETURN_TYPE = YES_ERROR;
				GCC_WARN_UNDECLARED_SELECTOR = YES;
				GCC_WARN_UNINITIALIZED_AUTOS = YES_AGGRESSIVE;
				GCC_WARN_UNUSED_FUNCTION = YES;
				GCC_WARN_UNUSED_VARIABLE = YES;
				IPHONEOS_DEPLOYMENT_TARGET = 11.2;
				MTL_ENABLE_DEBUG_INFO = YES;
				ONLY_ACTIVE_ARCH = YES;
				SDKROOT = iphoneos;
				SWIFT_ACTIVE_COMPILATION_CONDITIONS = DEBUG;
				SWIFT_OPTIMIZATION_LEVEL = "-Onone";
			};
			name = Debug;
		};
		CB02461F203A79C6000DD679 /* Release */ = {
			isa = XCBuildConfiguration;
			buildSettings = {
				ALWAYS_SEARCH_USER_PATHS = NO;
				CLANG_ANALYZER_NONNULL = YES;
				CLANG_ANALYZER_NUMBER_OBJECT_CONVERSION = YES_AGGRESSIVE;
				CLANG_CXX_LANGUAGE_STANDARD = "gnu++14";
				CLANG_CXX_LIBRARY = "libc++";
				CLANG_ENABLE_MODULES = YES;
				CLANG_ENABLE_OBJC_ARC = YES;
				CLANG_WARN_BLOCK_CAPTURE_AUTORELEASING = YES;
				CLANG_WARN_BOOL_CONVERSION = YES;
				CLANG_WARN_COMMA = YES;
				CLANG_WARN_CONSTANT_CONVERSION = YES;
				CLANG_WARN_DIRECT_OBJC_ISA_USAGE = YES_ERROR;
				CLANG_WARN_DOCUMENTATION_COMMENTS = YES;
				CLANG_WARN_EMPTY_BODY = YES;
				CLANG_WARN_ENUM_CONVERSION = YES;
				CLANG_WARN_INFINITE_RECURSION = YES;
				CLANG_WARN_INT_CONVERSION = YES;
				CLANG_WARN_NON_LITERAL_NULL_CONVERSION = YES;
				CLANG_WARN_OBJC_LITERAL_CONVERSION = YES;
				CLANG_WARN_OBJC_ROOT_CLASS = YES_ERROR;
				CLANG_WARN_RANGE_LOOP_ANALYSIS = YES;
				CLANG_WARN_STRICT_PROTOTYPES = YES;
				CLANG_WARN_SUSPICIOUS_MOVE = YES;
				CLANG_WARN_UNGUARDED_AVAILABILITY = YES_AGGRESSIVE;
				CLANG_WARN_UNREACHABLE_CODE = YES;
				CLANG_WARN__DUPLICATE_METHOD_MATCH = YES;
				CODE_SIGN_IDENTITY = "iPhone Developer";
				COPY_PHASE_STRIP = NO;
				DEBUG_INFORMATION_FORMAT = "dwarf-with-dsym";
				ENABLE_NS_ASSERTIONS = NO;
				ENABLE_STRICT_OBJC_MSGSEND = YES;
				GCC_C_LANGUAGE_STANDARD = gnu11;
				GCC_NO_COMMON_BLOCKS = YES;
				GCC_WARN_64_TO_32_BIT_CONVERSION = YES;
				GCC_WARN_ABOUT_RETURN_TYPE = YES_ERROR;
				GCC_WARN_UNDECLARED_SELECTOR = YES;
				GCC_WARN_UNINITIALIZED_AUTOS = YES_AGGRESSIVE;
				GCC_WARN_UNUSED_FUNCTION = YES;
				GCC_WARN_UNUSED_VARIABLE = YES;
				IPHONEOS_DEPLOYMENT_TARGET = 11.2;
				MTL_ENABLE_DEBUG_INFO = NO;
				SDKROOT = iphoneos;
				SWIFT_OPTIMIZATION_LEVEL = "-Owholemodule";
				VALIDATE_PRODUCT = YES;
			};
			name = Release;
		};
		CB024621203A79C6000DD679 /* Debug */ = {
			isa = XCBuildConfiguration;
			baseConfigurationReference = 472E31DEED44F8800C5B1697 /* Pods-Instagram.debug.xcconfig */;
			buildSettings = {
				ASSETCATALOG_COMPILER_APPICON_NAME = AppIcon;
				CODE_SIGN_STYLE = Automatic;
				DEVELOPMENT_TEAM = 3ZB2T23E2Q;
				INFOPLIST_FILE = Instagram/Info.plist;
				LD_RUNPATH_SEARCH_PATHS = "$(inherited) @executable_path/Frameworks";
				PRODUCT_BUNDLE_IDENTIFIER = mei.Instagram;
				PRODUCT_NAME = "$(TARGET_NAME)";
				SWIFT_VERSION = 4.0;
				TARGETED_DEVICE_FAMILY = "1,2";
			};
			name = Debug;
		};
		CB024622203A79C6000DD679 /* Release */ = {
			isa = XCBuildConfiguration;
			baseConfigurationReference = C620FE975E2BAAC2E0017C5F /* Pods-Instagram.release.xcconfig */;
			buildSettings = {
				ASSETCATALOG_COMPILER_APPICON_NAME = AppIcon;
				CODE_SIGN_STYLE = Automatic;
				DEVELOPMENT_TEAM = 3ZB2T23E2Q;
				INFOPLIST_FILE = Instagram/Info.plist;
				LD_RUNPATH_SEARCH_PATHS = "$(inherited) @executable_path/Frameworks";
				PRODUCT_BUNDLE_IDENTIFIER = mei.Instagram;
				PRODUCT_NAME = "$(TARGET_NAME)";
				SWIFT_VERSION = 4.0;
				TARGETED_DEVICE_FAMILY = "1,2";
			};
			name = Release;
		};
/* End XCBuildConfiguration section */

/* Begin XCConfigurationList section */
		CB024609203A79C6000DD679 /* Build configuration list for PBXProject "Instagram" */ = {
			isa = XCConfigurationList;
			buildConfigurations = (
				CB02461E203A79C6000DD679 /* Debug */,
				CB02461F203A79C6000DD679 /* Release */,
			);
			defaultConfigurationIsVisible = 0;
			defaultConfigurationName = Release;
		};
		CB024620203A79C6000DD679 /* Build configuration list for PBXNativeTarget "Instagram" */ = {
			isa = XCConfigurationList;
			buildConfigurations = (
				CB024621203A79C6000DD679 /* Debug */,
				CB024622203A79C6000DD679 /* Release */,
			);
			defaultConfigurationIsVisible = 0;
			defaultConfigurationName = Release;
		};
/* End XCConfigurationList section */
	};
	rootObject = CB024606203A79C6000DD679 /* Project object */;
}
